
Microsoft Visual Studio Solution File, Format Version 12.00
# Visual Studio Version 16
VisualStudioVersion = 16.0.29911.84
MinimumVisualStudioVersion = 10.0.40219.1
Project("{888888A0-9F3D-457C-B088-3A5042F75D52}") = "face recognition", "face recognition\face recognition.pyproj", "{8845BDF5-E4C1-4792-8D7A-D2918FBE1B36}"
EndProject
Global
	GlobalSection(SolutionConfigurationPlatforms) = preSolution
		Debug|Any CPU = Debug|Any CPU
		Release|Any CPU = Release|Any CPU
	EndGlobalSection
	GlobalSection(ProjectConfigurationPlatforms) = postSolution
		{8845BDF5-E4C1-4792-8D7A-D2918FBE1B36}.Debug|Any CPU.ActiveCfg = Debug|Any CPU
		{8845BDF5-E4C1-4792-8D7A-D2918FBE1B36}.Release|Any CPU.ActiveCfg = Release|Any CPU
	EndGlobalSection
	GlobalSection(SolutionProperties) = preSolution
		HideSolutionNode = FALSE
	EndGlobalSection
	GlobalSection(ExtensibilityGlobals) = postSolution
		SolutionGuid = {D9D53633-6FE0-4083-BC50-431177481833}
	EndGlobalSection
EndGlobal
