
Microsoft Visual Studio Solution File, Format Version 12.00
# Visual Studio Version 16
VisualStudioVersion = 16.0.29911.84
MinimumVisualStudioVersion = 10.0.40219.1
Project("{888888A0-9F3D-457C-B088-3A5042F75D52}") = "sticker", "sticker\sticker.pyproj", "{2E39B10F-6519-42C7-923E-97FC3F6C80A3}"
EndProject
Global
	GlobalSection(SolutionConfigurationPlatforms) = preSolution
		Debug|Any CPU = Debug|Any CPU
		Release|Any CPU = Release|Any CPU
	EndGlobalSection
	GlobalSection(ProjectConfigurationPlatforms) = postSolution
		{2E39B10F-6519-42C7-923E-97FC3F6C80A3}.Debug|Any CPU.ActiveCfg = Debug|Any CPU
		{2E39B10F-6519-42C7-923E-97FC3F6C80A3}.Release|Any CPU.ActiveCfg = Release|Any CPU
	EndGlobalSection
	GlobalSection(SolutionProperties) = preSolution
		HideSolutionNode = FALSE
	EndGlobalSection
	GlobalSection(ExtensibilityGlobals) = postSolution
		SolutionGuid = {23A3E045-E384-436E-B1C2-BDCBCF326675}
	EndGlobalSection
EndGlobal
